{
  "version": 4,
  "terraform_version": "1.15.8",
  "serial": 38,
  "lineage": "ece1ef00-5514-0b66-eaef-f6f840f21bf4",
  "outputs": {
    "attacker_ip": {
      "value": "192.168.56.10",
      "type": "string"
    },
    "blueteam_ip": {
      "value": "192.168.56.30",
      "type": "string"
    },
    "target_ip": {
      "value": "192.168.56.20",
      "type": "string"
    }
  },
  "resources": [
    {
      "mode": "managed",
      "type": "libvirt_volume",
      "name": "debian_base",
      "provider": "provider[\"registry.terraform.io/dmacvicar/libvirt\"]",
      "instances": [
        {
          "schema_version": 0,
          "attributes": {
            "base_volume_id": null,
            "base_volume_name": null,
            "base_volume_pool": null,
            "format": "qcow2",
            "id": "/var/lib/libvirt/images/debian-12-base.qcow2",
            "name": "debian-12-base.qcow2",
            "pool": "default",
            "size": 3221225472,
            "source": "./images/debian-12-generic-amd64.qcow2",
            "xml": []
          },
          "sensitive_attributes": [],
          "identity_schema_version": 0,
          "private": "bnVsbA=="
        }
      ]
    },
    {
      "mode": "managed",
      "type": "libvirt_volume",
      "name": "ubuntu_base",
      "provider": "provider[\"registry.terraform.io/dmacvicar/libvirt\"]",
      "instances": [
        {
          "schema_version": 0,
          "attributes": {
            "base_volume_id": null,
            "base_volume_name": null,
            "base_volume_pool": null,
            "format": "qcow2",
            "id": "/var/lib/libvirt/images/ubuntu-22.04-base.qcow2",
            "name": "ubuntu-22.04-base.qcow2",
            "pool": "default",
            "size": 2361393152,
            "source": "./images/ubuntu-22.04-server-cloudimg-amd64.qcow2",
            "xml": []
          },
          "sensitive_attributes": [],
          "identity_schema_version": 0,
          "private": "bnVsbA=="
        }
      ]
    },
    {
      "mode": "managed",
      "type": "local_file",
      "name": "ansible_inventory",
      "provider": "provider[\"registry.terraform.io/hashicorp/local\"]",
      "instances": [
        {
          "schema_version": 0,
          "attributes": {
            "content": "[attacker]\n192.168.56.10 ansible_user=labadmin\n\n[target]\n192.168.56.20 ansible_user=labadmin\n\n[blueteam]\n192.168.56.30 ansible_user=labadmin\n\n[all:vars]\nansible_python_interpreter=/usr/bin/python3\nansible_ssh_common_args='-o StrictHostKeyChecking=no -o UserKnownHostsFile=/dev/null'\n",
            "content_base64": null,
            "content_base64sha256": "kICeAmHHq2YNRiCPFpO/w6tB0YTgj/rycgmTOfwLvLA=",
            "content_base64sha512": "ZW6Z2iuoeTlOssH+hodqsL7Qh32IDEfijrcQ3ze8LG99UHhTcs5iN2LWHhYvNB4hFwPFH9T+/NK9iDWvcDGbng==",
            "content_md5": "5894b2e29aab35b14cade58105bd1000",
            "content_sha1": "43caea371b133879fd641a1c00b61756b09aa892",
            "content_sha256": "90809e0261c7ab660d46208f1693bfc3ab41d184e08ffaf272099339fc0bbcb0",
            "content_sha512": "656e99da2ba879394eb2c1fe86876ab0bed0877d880c47e28eb710df37bc2c6f7d50785372ce623762d61e162f341e211703c51fd4fefcd2bd8835af70319b9e",
            "directory_permission": "0777",
            "file_permission": "0777",
            "filename": "./../../../ansible/inventory/hosts.ini",
            "id": "43caea371b133879fd641a1c00b61756b09aa892",
            "sensitive_content": null,
            "source": null
          },
          "sensitive_attributes": [
            [
              {
                "type": "get_attr",
                "value": "sensitive_content"
              }
            ]
          ],
          "identity_schema_version": 0
        }
      ]
    },
    {
      "module": "module.attacker",
      "mode": "managed",
      "type": "libvirt_cloudinit_disk",
      "name": "cloudinit",
      "provider": "provider[\"registry.terraform.io/dmacvicar/libvirt\"]",
      "instances": [
        {
          "schema_version": 0,
          "attributes": {
            "id": "/var/lib/libvirt/images/attacker-cloudinit.iso;a85b784d-ffa3-4e86-ae93-fa2cd0750b58",
            "meta_data": "",
            "name": "attacker-cloudinit.iso",
            "network_config": "version: 2\nethernets:\n  ens3:\n    dhcp4: false\n    addresses:\n      - 192.168.56.10/24\n    gateway4: 192.168.56.1\n    nameservers:\n      addresses: [192.168.56.1]\n",
            "pool": "default",
            "user_data": "#cloud-config\nhostname: attacker\nfqdn: attacker.lab.local\nmanage_etc_hosts: true\n\nusers:\n  - name: labadmin\n    sudo: ALL=(ALL) NOPASSWD:ALL\n    groups: sudo\n    shell: /bin/bash\n    ssh_authorized_keys:\n      - ssh-ed25519 AAAAC3NzaC1lZDI1NTE5AAAAIKt9IcaJ1zGjgXE/cXbjJdmUytqMf4lUcrvWSChe/r52 jankokg2002@gmail.com\n\n\nssh_pwauth: false\n\npackage_update: true\n\nruncmd:\n  - systemctl enable ssh\n  - systemctl start ssh\n"
          },
          "sensitive_attributes": [],
          "identity_schema_version": 0,
          "private": "bnVsbA=="
        }
      ]
    },
    {
      "module": "module.attacker",
      "mode": "managed",
      "type": "libvirt_domain",
      "name": "vm",
      "provider": "provider[\"registry.terraform.io/dmacvicar/libvirt\"]",
      "instances": [
        {
          "schema_version": 0,
          "attributes": {
            "arch": "x86_64",
            "autostart": false,
            "boot_device": [],
            "cloudinit": "/var/lib/libvirt/images/attacker-cloudinit.iso;a85b784d-ffa3-4e86-ae93-fa2cd0750b58",
            "cmdline": null,
            "console": [
              {
                "source_host": "127.0.0.1",
                "source_path": "",
                "source_service": "0",
                "target_port": "0",
                "target_type": "serial",
                "type": "pty"
              }
            ],
            "coreos_ignition": null,
            "cpu": [
              {
                "mode": "custom"
              }
            ],
            "description": "",
            "disk": [
              {
                "block_device": "",
                "file": "",
                "scsi": false,
                "url": "",
                "volume_id": "/var/lib/libvirt/images/attacker-disk.qcow2",
                "wwn": ""
              }
            ],
            "emulator": "/usr/bin/qemu-system-x86_64",
            "filesystem": [],
            "firmware": null,
            "fw_cfg_name": "opt/com.coreos/config",
            "graphics": [
              {
                "autoport": true,
                "listen_address": "127.0.0.1",
                "listen_type": "none",
                "type": "spice",
                "websocket": 0
              }
            ],
            "id": "9163b641-8122-40a7-8507-df6d316621d0",
            "initrd": "",
            "kernel": "",
            "machine": "ubuntu",
            "memory": 2048,
            "metadata": null,
            "name": "attacker",
            "network_interface": [
              {
                "addresses": [],
                "bridge": "",
                "hostname": "",
                "mac": "52:54:00:AA:DC:1F",
                "macvtap": "",
                "network_id": "7cf4ae06-a47f-47a7-92a5-24e6fded08f0",
                "network_name": "redblue-lab",
                "passthrough": "",
                "vepa": "",
                "wait_for_lease": false
              }
            ],
            "nvram": [],
            "qemu_agent": false,
            "running": true,
            "timeouts": null,
            "tpm": [],
            "type": "kvm",
            "vcpu": 2,
            "video": [],
            "xml": []
          },
          "sensitive_attributes": [],
          "identity_schema_version": 0,
          "private": "eyJlMmJmYjczMC1lY2FhLTExZTYtOGY4OC0zNDM2M2JjN2M0YzAiOnsiY3JlYXRlIjozMDAwMDAwMDAwMDB9fQ==",
          "dependencies": [
            "libvirt_volume.debian_base",
            "module.attacker.libvirt_cloudinit_disk.cloudinit",
            "module.attacker.libvirt_volume.disk",
            "module.network.libvirt_network.lab_network"
          ]
        }
      ]
    },
    {
      "module": "module.attacker",
      "mode": "managed",
      "type": "libvirt_volume",
      "name": "disk",
      "provider": "provider[\"registry.terraform.io/dmacvicar/libvirt\"]",
      "instances": [
        {
          "schema_version": 0,
          "attributes": {
            "base_volume_id": "/var/lib/libvirt/images/debian-12-base.qcow2",
            "base_volume_name": null,
            "base_volume_pool": null,
            "format": "qcow2",
            "id": "/var/lib/libvirt/images/attacker-disk.qcow2",
            "name": "attacker-disk.qcow2",
            "pool": "default",
            "size": 10737418240,
            "source": null,
            "xml": []
          },
          "sensitive_attributes": [],
          "identity_schema_version": 0,
          "private": "bnVsbA==",
          "dependencies": [
            "libvirt_volume.debian_base"
          ]
        }
      ]
    },
    {
      "module": "module.blueteam",
      "mode": "managed",
      "type": "libvirt_cloudinit_disk",
      "name": "cloudinit",
      "provider": "provider[\"registry.terraform.io/dmacvicar/libvirt\"]",
      "instances": [
        {
          "schema_version": 0,
          "attributes": {
            "id": "/var/lib/libvirt/images/blueteam-cloudinit.iso;7de3968a-acfc-4e32-856a-15db926aec09",
            "meta_data": "",
            "name": "blueteam-cloudinit.iso",
            "network_config": "version: 2\nethernets:\n  ens3:\n    dhcp4: false\n    addresses:\n      - 192.168.56.30/24\n    gateway4: 192.168.56.1\n    nameservers:\n      addresses: [192.168.56.1]\n",
            "pool": "default",
            "user_data": "#cloud-config\nhostname: blueteam\nfqdn: blueteam.lab.local\nmanage_etc_hosts: true\n\nusers:\n  - name: labadmin\n    sudo: ALL=(ALL) NOPASSWD:ALL\n    groups: sudo\n    shell: /bin/bash\n    ssh_authorized_keys:\n      - ssh-ed25519 AAAAC3NzaC1lZDI1NTE5AAAAIKt9IcaJ1zGjgXE/cXbjJdmUytqMf4lUcrvWSChe/r52 jankokg2002@gmail.com\n\n\nssh_pwauth: false\n\npackage_update: true\n\nruncmd:\n  - systemctl enable ssh\n  - systemctl start ssh\n"
          },
          "sensitive_attributes": [],
          "identity_schema_version": 0,
          "private": "bnVsbA=="
        }
      ]
    },
    {
      "module": "module.blueteam",
      "mode": "managed",
      "type": "libvirt_domain",
      "name": "vm",
      "provider": "provider[\"registry.terraform.io/dmacvicar/libvirt\"]",
      "instances": [
        {
          "schema_version": 0,
          "attributes": {
            "arch": "x86_64",
            "autostart": false,
            "boot_device": [],
            "cloudinit": "/var/lib/libvirt/images/blueteam-cloudinit.iso;7de3968a-acfc-4e32-856a-15db926aec09",
            "cmdline": null,
            "console": [
              {
                "source_host": "127.0.0.1",
                "source_path": "",
                "source_service": "0",
                "target_port": "0",
                "target_type": "serial",
                "type": "pty"
              }
            ],
            "coreos_ignition": null,
            "cpu": [
              {
                "mode": "custom"
              }
            ],
            "description": "",
            "disk": [
              {
                "block_device": "",
                "file": "",
                "scsi": false,
                "url": "",
                "volume_id": "/var/lib/libvirt/images/blueteam-disk.qcow2",
                "wwn": ""
              }
            ],
            "emulator": "/usr/bin/qemu-system-x86_64",
            "filesystem": [],
            "firmware": null,
            "fw_cfg_name": "opt/com.coreos/config",
            "graphics": [
              {
                "autoport": true,
                "listen_address": "127.0.0.1",
                "listen_type": "none",
                "type": "spice",
                "websocket": 0
              }
            ],
            "id": "2430ccf3-b232-4bdc-92a9-756a9251f05f",
            "initrd": "",
            "kernel": "",
            "machine": "ubuntu",
            "memory": 4096,
            "metadata": null,
            "name": "blueteam",
            "network_interface": [
              {
                "addresses": [],
                "bridge": "",
                "hostname": "",
                "mac": "52:54:00:66:72:AC",
                "macvtap": "",
                "network_id": "7cf4ae06-a47f-47a7-92a5-24e6fded08f0",
                "network_name": "redblue-lab",
                "passthrough": "",
                "vepa": "",
                "wait_for_lease": false
              }
            ],
            "nvram": [],
            "qemu_agent": false,
            "running": true,
            "timeouts": null,
            "tpm": [],
            "type": "kvm",
            "vcpu": 2,
            "video": [],
            "xml": []
          },
          "sensitive_attributes": [],
          "identity_schema_version": 0,
          "private": "eyJlMmJmYjczMC1lY2FhLTExZTYtOGY4OC0zNDM2M2JjN2M0YzAiOnsiY3JlYXRlIjozMDAwMDAwMDAwMDB9fQ==",
          "dependencies": [
            "libvirt_volume.debian_base",
            "module.blueteam.libvirt_cloudinit_disk.cloudinit",
            "module.blueteam.libvirt_volume.disk",
            "module.network.libvirt_network.lab_network"
          ]
        }
      ]
    },
    {
      "module": "module.blueteam",
      "mode": "managed",
      "type": "libvirt_volume",
      "name": "disk",
      "provider": "provider[\"registry.terraform.io/dmacvicar/libvirt\"]",
      "instances": [
        {
          "schema_version": 0,
          "attributes": {
            "base_volume_id": "/var/lib/libvirt/images/debian-12-base.qcow2",
            "base_volume_name": null,
            "base_volume_pool": null,
            "format": "qcow2",
            "id": "/var/lib/libvirt/images/blueteam-disk.qcow2",
            "name": "blueteam-disk.qcow2",
            "pool": "default",
            "size": 10737418240,
            "source": null,
            "xml": []
          },
          "sensitive_attributes": [],
          "identity_schema_version": 0,
          "private": "bnVsbA==",
          "dependencies": [
            "libvirt_volume.debian_base"
          ]
        }
      ]
    },
    {
      "module": "module.network",
      "mode": "managed",
      "type": "libvirt_network",
      "name": "lab_network",
      "provider": "provider[\"registry.terraform.io/dmacvicar/libvirt\"]",
      "instances": [
        {
          "schema_version": 0,
          "attributes": {
            "addresses": [
              "192.168.56.0/24"
            ],
            "autostart": true,
            "bridge": "virbr1",
            "dhcp": [
              {
                "enabled": false
              }
            ],
            "dns": [
              {
                "enabled": false,
                "forwarders": [],
                "hosts": [],
                "local_only": false,
                "srvs": []
              }
            ],
            "dnsmasq_options": [],
            "domain": "lab.local",
            "id": "7cf4ae06-a47f-47a7-92a5-24e6fded08f0",
            "mode": "none",
            "mtu": null,
            "name": "redblue-lab",
            "routes": [],
            "xml": []
          },
          "sensitive_attributes": [],
          "identity_schema_version": 0,
          "private": "bnVsbA=="
        }
      ]
    },
    {
      "module": "module.target",
      "mode": "managed",
      "type": "libvirt_cloudinit_disk",
      "name": "cloudinit",
      "provider": "provider[\"registry.terraform.io/dmacvicar/libvirt\"]",
      "instances": [
        {
          "schema_version": 0,
          "attributes": {
            "id": "/var/lib/libvirt/images/target-cloudinit.iso;a5cf8529-fc38-40b7-b9ac-bc56e9af39ce",
            "meta_data": "",
            "name": "target-cloudinit.iso",
            "network_config": "version: 2\nethernets:\n  ens3:\n    dhcp4: false\n    addresses:\n      - 192.168.56.20/24\n    gateway4: 192.168.56.1\n    nameservers:\n      addresses: [192.168.56.1]\n",
            "pool": "default",
            "user_data": "#cloud-config\nhostname: target\nfqdn: target.lab.local\nmanage_etc_hosts: true\n\nusers:\n  - name: labadmin\n    sudo: ALL=(ALL) NOPASSWD:ALL\n    groups: sudo\n    shell: /bin/bash\n    ssh_authorized_keys:\n      - ssh-ed25519 AAAAC3NzaC1lZDI1NTE5AAAAIKt9IcaJ1zGjgXE/cXbjJdmUytqMf4lUcrvWSChe/r52 jankokg2002@gmail.com\n\n\nssh_pwauth: false\n\npackage_update: true\n\nruncmd:\n  - systemctl enable ssh\n  - systemctl start ssh\n"
          },
          "sensitive_attributes": [],
          "identity_schema_version": 0,
          "private": "bnVsbA=="
        }
      ]
    },
    {
      "module": "module.target",
      "mode": "managed",
      "type": "libvirt_domain",
      "name": "vm",
      "provider": "provider[\"registry.terraform.io/dmacvicar/libvirt\"]",
      "instances": [
        {
          "schema_version": 0,
          "attributes": {
            "arch": "x86_64",
            "autostart": false,
            "boot_device": [],
            "cloudinit": "/var/lib/libvirt/images/target-cloudinit.iso;a5cf8529-fc38-40b7-b9ac-bc56e9af39ce",
            "cmdline": null,
            "console": [
              {
                "source_host": "127.0.0.1",
                "source_path": "",
                "source_service": "0",
                "target_port": "0",
                "target_type": "serial",
                "type": "pty"
              }
            ],
            "coreos_ignition": null,
            "cpu": [
              {
                "mode": "custom"
              }
            ],
            "description": "",
            "disk": [
              {
                "block_device": "",
                "file": "",
                "scsi": false,
                "url": "",
                "volume_id": "/var/lib/libvirt/images/target-disk.qcow2",
                "wwn": ""
              }
            ],
            "emulator": "/usr/bin/qemu-system-x86_64",
            "filesystem": [],
            "firmware": null,
            "fw_cfg_name": "opt/com.coreos/config",
            "graphics": [
              {
                "autoport": true,
                "listen_address": "127.0.0.1",
                "listen_type": "none",
                "type": "spice",
                "websocket": 0
              }
            ],
            "id": "e17c0e7b-a2eb-4492-b6dd-4af383aa26c3",
            "initrd": "",
            "kernel": "",
            "machine": "ubuntu",
            "memory": 1024,
            "metadata": null,
            "name": "target",
            "network_interface": [
              {
                "addresses": [],
                "bridge": "",
                "hostname": "",
                "mac": "52:54:00:4A:B0:01",
                "macvtap": "",
                "network_id": "7cf4ae06-a47f-47a7-92a5-24e6fded08f0",
                "network_name": "redblue-lab",
                "passthrough": "",
                "vepa": "",
                "wait_for_lease": false
              }
            ],
            "nvram": [],
            "qemu_agent": false,
            "running": true,
            "timeouts": null,
            "tpm": [],
            "type": "kvm",
            "vcpu": 1,
            "video": [],
            "xml": []
          },
          "sensitive_attributes": [],
          "identity_schema_version": 0,
          "private": "eyJlMmJmYjczMC1lY2FhLTExZTYtOGY4OC0zNDM2M2JjN2M0YzAiOnsiY3JlYXRlIjozMDAwMDAwMDAwMDB9fQ==",
          "dependencies": [
            "libvirt_volume.ubuntu_base",
            "module.network.libvirt_network.lab_network",
            "module.target.libvirt_cloudinit_disk.cloudinit",
            "module.target.libvirt_volume.disk"
          ]
        }
      ]
    },
    {
      "module": "module.target",
      "mode": "managed",
      "type": "libvirt_volume",
      "name": "disk",
      "provider": "provider[\"registry.terraform.io/dmacvicar/libvirt\"]",
      "instances": [
        {
          "schema_version": 0,
          "attributes": {
            "base_volume_id": "/var/lib/libvirt/images/ubuntu-22.04-base.qcow2",
            "base_volume_name": null,
            "base_volume_pool": null,
            "format": "qcow2",
            "id": "/var/lib/libvirt/images/target-disk.qcow2",
            "name": "target-disk.qcow2",
            "pool": "default",
            "size": 10737418240,
            "source": null,
            "xml": []
          },
          "sensitive_attributes": [],
          "identity_schema_version": 0,
          "private": "bnVsbA==",
          "dependencies": [
            "libvirt_volume.ubuntu_base"
          ]
        }
      ]
    }
  ],
  "check_results": null
}
